
Microsoft Visual Studio Solution File, Format Version 12.00
# Visual Studio Version 17
VisualStudioVersion = 17.3.32901.215
MinimumVisualStudioVersion = 10.0.40219.1
Project("{FAE04EC0-301F-11D3-BF4B-00C04F79EFBC}") = "Sondan 1-e", "Sondan 1-e.csproj", "{E6D78F00-A43C-4A85-874D-17EA69C3F1DD}"
EndProject
Global
	GlobalSection(SolutionConfigurationPlatforms) = preSolution
		Debug|Any CPU = Debug|Any CPU
		Release|Any CPU = Release|Any CPU
	EndGlobalSection
	GlobalSection(ProjectConfigurationPlatforms) = postSolution
		{E6D78F00-A43C-4A85-874D-17EA69C3F1DD}.Debug|Any CPU.ActiveCfg = Debug|Any CPU
		{E6D78F00-A43C-4A85-874D-17EA69C3F1DD}.Debug|Any CPU.Build.0 = Debug|Any CPU
		{E6D78F00-A43C-4A85-874D-17EA69C3F1DD}.Release|Any CPU.ActiveCfg = Release|Any CPU
		{E6D78F00-A43C-4A85-874D-17EA69C3F1DD}.Release|Any CPU.Build.0 = Release|Any CPU
	EndGlobalSection
	GlobalSection(SolutionProperties) = preSolution
		HideSolutionNode = FALSE
	EndGlobalSection
	GlobalSection(ExtensibilityGlobals) = postSolution
		SolutionGuid = {A2AF448D-B166-4605-A047-A5BC872BFF52}
	EndGlobalSection
EndGlobal
